
Microsoft Visual Studio Solution File, Format Version 12.00
# Visual Studio Version 17
VisualStudioVersion = 17.3.32825.248
MinimumVisualStudioVersion = 10.0.40219.1
Project("{FAE04EC0-301F-11D3-BF4B-00C04F79EFBC}") = "Home_work_14sep_", "Home_work_14sep_\Home_work_14sep_.csproj", "{692EB6E7-82B1-4504-8CDF-CFC76DFED1F7}"
EndProject
Global
	GlobalSection(SolutionConfigurationPlatforms) = preSolution
		Debug|Any CPU = Debug|Any CPU
		Release|Any CPU = Release|Any CPU
	EndGlobalSection
	GlobalSection(ProjectConfigurationPlatforms) = postSolution
		{692EB6E7-82B1-4504-8CDF-CFC76DFED1F7}.Debug|Any CPU.ActiveCfg = Debug|Any CPU
		{692EB6E7-82B1-4504-8CDF-CFC76DFED1F7}.Debug|Any CPU.Build.0 = Debug|Any CPU
		{692EB6E7-82B1-4504-8CDF-CFC76DFED1F7}.Release|Any CPU.ActiveCfg = Release|Any CPU
		{692EB6E7-82B1-4504-8CDF-CFC76DFED1F7}.Release|Any CPU.Build.0 = Release|Any CPU
	EndGlobalSection
	GlobalSection(SolutionProperties) = preSolution
		HideSolutionNode = FALSE
	EndGlobalSection
	GlobalSection(ExtensibilityGlobals) = postSolution
		SolutionGuid = {27093EB5-D3C9-4651-B16E-F767DF51D652}
	EndGlobalSection
EndGlobal
